# THIS IS AN AUTOGENERATED FILE. DO NOT EDIT THIS FILE DIRECTLY.
# yarn lockfile v1


"@remix-run/router@1.4.0":
  version "1.4.0"
  resolved "https://registry.yarnpkg.com/@remix-run/router/-/router-1.4.0.tgz#74935d538e4df8893e47831a7aea362f295bcd39"
  integrity sha512-BJ9SxXux8zAg991UmT8slpwpsd31K1dHHbD3Ba4VzD+liLQ4WAMSxQp2d2ZPRPfN0jN2NPRowcSSoM7lCaF08Q==

react-router-dom@^6.9.0:
  version "6.9.0"
  resolved "https://registry.yarnpkg.com/react-router-dom/-/react-router-dom-6.9.0.tgz#dd8b4e461453bd4cad2e6404493d1a5b4bfea758"
  integrity sha512-/seUAPY01VAuwkGyVBPCn1OXfVbaWGGu4QN9uj0kCPcTyNYgL1ldZpxZUpRU7BLheKQI4Twtl/OW2nHRF1u26Q==
  dependencies:
    "@remix-run/router" "1.4.0"
    react-router "6.9.0"

react-router@6.9.0:
  version "6.9.0"
  resolved "https://registry.yarnpkg.com/react-router/-/react-router-6.9.0.tgz#0f503d9becbc62d9e4ddc0f9bd4026e0fd29fbf5"
  integrity sha512-51lKevGNUHrt6kLuX3e/ihrXoXCa9ixY/nVWRLlob4r/l0f45x3SzBvYJe3ctleLUQQ5fVa4RGgJOTH7D9Umhw==
  dependencies:
    "@remix-run/router" "1.4.0"
